
Microsoft Visual Studio Solution File, Format Version 12.00
# Visual Studio 15
VisualStudioVersion = 15.0.28307.489
MinimumVisualStudioVersion = 10.0.40219.1
Project("{FAE04EC0-301F-11D3-BF4B-00C04F79EFBC}") = "BotD", "BotD\BotD.csproj", "{1C57B30E-B11A-4619-B506-21406DA59803}"
EndProject
Global
	GlobalSection(SolutionConfigurationPlatforms) = preSolution
		Debug|Any CPU = Debug|Any CPU
		Release|Any CPU = Release|Any CPU
	EndGlobalSection
	GlobalSection(ProjectConfigurationPlatforms) = postSolution
		{1C57B30E-B11A-4619-B506-21406DA59803}.Debug|Any CPU.ActiveCfg = Debug|Any CPU
		{1C57B30E-B11A-4619-B506-21406DA59803}.Debug|Any CPU.Build.0 = Debug|Any CPU
		{1C57B30E-B11A-4619-B506-21406DA59803}.Release|Any CPU.ActiveCfg = Release|Any CPU
		{1C57B30E-B11A-4619-B506-21406DA59803}.Release|Any CPU.Build.0 = Release|Any CPU
	EndGlobalSection
	GlobalSection(SolutionProperties) = preSolution
		HideSolutionNode = FALSE
	EndGlobalSection
	GlobalSection(ExtensibilityGlobals) = postSolution
		SolutionGuid = {E8FAC3BF-FCFC-4FE8-BEA0-BD7E5C1A2FC7}
	EndGlobalSection
EndGlobal
